
Microsoft Visual Studio Solution File, Format Version 12.00
# Visual Studio Version 17
VisualStudioVersion = 17.5.33414.496
MinimumVisualStudioVersion = 10.0.40219.1
Project("{FAE04EC0-301F-11D3-BF4B-00C04F79EFBC}") = "160323_NBUY", "160323_NBUY\160323_NBUY.csproj", "{CE268172-6F80-40A3-9078-759D27A0FB36}"
EndProject
Global
	GlobalSection(SolutionConfigurationPlatforms) = preSolution
		Debug|Any CPU = Debug|Any CPU
		Release|Any CPU = Release|Any CPU
	EndGlobalSection
	GlobalSection(ProjectConfigurationPlatforms) = postSolution
		{CE268172-6F80-40A3-9078-759D27A0FB36}.Debug|Any CPU.ActiveCfg = Debug|Any CPU
		{CE268172-6F80-40A3-9078-759D27A0FB36}.Debug|Any CPU.Build.0 = Debug|Any CPU
		{CE268172-6F80-40A3-9078-759D27A0FB36}.Release|Any CPU.ActiveCfg = Release|Any CPU
		{CE268172-6F80-40A3-9078-759D27A0FB36}.Release|Any CPU.Build.0 = Release|Any CPU
	EndGlobalSection
	GlobalSection(SolutionProperties) = preSolution
		HideSolutionNode = FALSE
	EndGlobalSection
	GlobalSection(ExtensibilityGlobals) = postSolution
		SolutionGuid = {0992BC5B-301D-4779-8577-4EA509F85DCF}
	EndGlobalSection
EndGlobal
